
Microsoft Visual Studio Solution File, Format Version 12.00
# Visual Studio Version 17
VisualStudioVersion = 17.11.35312.102
MinimumVisualStudioVersion = 10.0.40219.1
Project("{8BC9CEB8-8B4A-11D0-8D11-00A0C91BC942}") = "Summenvariable", "Summenvariable\Summenvariable.vcxproj", "{591184AF-A405-4616-8C3A-1AD9DFE9DA37}"
EndProject
Global
	GlobalSection(SolutionConfigurationPlatforms) = preSolution
		Debug|x64 = Debug|x64
		Debug|x86 = Debug|x86
		Release|x64 = Release|x64
		Release|x86 = Release|x86
	EndGlobalSection
	GlobalSection(ProjectConfigurationPlatforms) = postSolution
		{591184AF-A405-4616-8C3A-1AD9DFE9DA37}.Debug|x64.ActiveCfg = Debug|x64
		{591184AF-A405-4616-8C3A-1AD9DFE9DA37}.Debug|x64.Build.0 = Debug|x64
		{591184AF-A405-4616-8C3A-1AD9DFE9DA37}.Debug|x86.ActiveCfg = Debug|Win32
		{591184AF-A405-4616-8C3A-1AD9DFE9DA37}.Debug|x86.Build.0 = Debug|Win32
		{591184AF-A405-4616-8C3A-1AD9DFE9DA37}.Release|x64.ActiveCfg = Release|x64
		{591184AF-A405-4616-8C3A-1AD9DFE9DA37}.Release|x64.Build.0 = Release|x64
		{591184AF-A405-4616-8C3A-1AD9DFE9DA37}.Release|x86.ActiveCfg = Release|Win32
		{591184AF-A405-4616-8C3A-1AD9DFE9DA37}.Release|x86.Build.0 = Release|Win32
	EndGlobalSection
	GlobalSection(SolutionProperties) = preSolution
		HideSolutionNode = FALSE
	EndGlobalSection
	GlobalSection(ExtensibilityGlobals) = postSolution
		SolutionGuid = {A90E35F1-804B-4B1F-B7CD-1B869714C85A}
	EndGlobalSection
EndGlobal
